
Microsoft Visual Studio Solution File, Format Version 12.00
Project("{FAE04EC0-301F-11D3-BF4B-00C04F79EFBC}") = "ordersmanagement", "ordersmanagement\OrdersManagement.csproj", "{ECE33E55-34A7-4C44-BADF-722727A8830E}"
EndProject
Global
	GlobalSection(SolutionConfigurationPlatforms) = preSolution
		Debug|Any CPU = Debug|Any CPU
		Release|Any CPU = Release|Any CPU
	EndGlobalSection
	GlobalSection(ProjectConfigurationPlatforms) = postSolution
		{ECE33E55-34A7-4C44-BADF-722727A8830E}.Debug|Any CPU.ActiveCfg = Debug|Any CPU
		{ECE33E55-34A7-4C44-BADF-722727A8830E}.Debug|Any CPU.Build.0 = Debug|Any CPU
		{ECE33E55-34A7-4C44-BADF-722727A8830E}.Release|Any CPU.ActiveCfg = Release|Any CPU
		{ECE33E55-34A7-4C44-BADF-722727A8830E}.Release|Any CPU.Build.0 = Release|Any CPU
	EndGlobalSection
EndGlobal
