
Microsoft Visual Studio Solution File, Format Version 12.00
# Visual Studio 15
VisualStudioVersion = 15.0.28307.136
MinimumVisualStudioVersion = 10.0.40219.1
Project("{9A19103F-16F7-4668-BE54-9A1E7A4F7556}") = "OrdersManagement", "ordersmanagement\OrdersManagement.csproj", "{ECE33E55-34A7-4C44-BADF-722727A8830E}"
EndProject
Project("{2150E333-8FDC-42A3-9474-1A3956D46DE8}") = "DL", "DL", "{C95347F7-0979-4B15-A7E9-3E09CFD367C9}"
EndProject
Project("{2150E333-8FDC-42A3-9474-1A3956D46DE8}") = "BL", "BL", "{CFBA2272-903D-4F0F-B5C2-DE1589A2CD01}"
EndProject
Project("{FAE04EC0-301F-11D3-BF4B-00C04F79EFBC}") = "DL.Infrastructure", "DL\DL.Infrastructure\DL.Infrastructure.csproj", "{37B74A15-DE71-4E7B-9C54-17CC8825D65D}"
EndProject
Project("{FAE04EC0-301F-11D3-BF4B-00C04F79EFBC}") = "BL.Infrastructure", "BL\BL.Infrastructure\BL.Infrastructure.csproj", "{3F9F0FF7-64D7-472F-A4EF-AFBF507B3EA6}"
EndProject
Project("{FAE04EC0-301F-11D3-BF4B-00C04F79EFBC}") = "DL.Util", "DL\DL.Util\DL.Util.csproj", "{B2F9D93F-BCC5-49E7-B053-04B8F7C7BD7B}"
EndProject
Project("{FAE04EC0-301F-11D3-BF4B-00C04F79EFBC}") = "DL.Context", "DL\DL.Context\DL.Context.csproj", "{78A514B8-4D6B-477E-A072-1AAC51F1B559}"
EndProject
Project("{FAE04EC0-301F-11D3-BF4B-00C04F79EFBC}") = "DL.Migrations", "DL\DL.Migrations\DL.Migrations.csproj", "{869FF878-E108-444E-80CB-470879CEE882}"
EndProject
Project("{2150E333-8FDC-42A3-9474-1A3956D46DE8}") = "Common", "Common", "{FB0171B1-E0E3-4B4E-9FBA-3AEFE133D967}"
EndProject
Project("{FAE04EC0-301F-11D3-BF4B-00C04F79EFBC}") = "Util", "Common\Util\Util.csproj", "{E682901B-3740-4EEA-8CBF-50EA660F2FD2}"
EndProject
Project("{FAE04EC0-301F-11D3-BF4B-00C04F79EFBC}") = "DL.Interfaces", "DL\DL.Interfaces\DL.Interfaces.csproj", "{6166BF01-C9C9-4CC9-BE8E-E387F594526A}"
EndProject
Project("{FAE04EC0-301F-11D3-BF4B-00C04F79EFBC}") = "DL.Entities", "DL\DL.Entities\DL.Entities.csproj", "{E0D88847-9104-4598-B38C-86F24B1F8753}"
EndProject
Project("{FAE04EC0-301F-11D3-BF4B-00C04F79EFBC}") = "DL.UnitOfWork", "DL\DL.UnitOfWork\DL.UnitOfWork.csproj", "{DC946E34-761D-4FA0-A419-8A4377BD370A}"
EndProject
Project("{FAE04EC0-301F-11D3-BF4B-00C04F79EFBC}") = "BL.Interfaces", "BL\BL.Interfaces\BL.Interfaces.csproj", "{B15113DC-9808-4E49-8A35-CA568A5CEE26}"
EndProject
Project("{FAE04EC0-301F-11D3-BF4B-00C04F79EFBC}") = "BL.DtoModels", "BL\BL.DtoModels\BL.DtoModels.csproj", "{5C001F48-4E5F-435E-B356-9D1117BB8638}"
EndProject
Project("{FAE04EC0-301F-11D3-BF4B-00C04F79EFBC}") = "BL.Orders", "BL\BL.Orders\BL.Orders.csproj", "{D32F5D37-88A0-4BEB-9F91-C7A1CD8BD778}"
EndProject
Project("{FAE04EC0-301F-11D3-BF4B-00C04F79EFBC}") = "DL.Repositories", "DL\DL.Repositories\DL.Repositories.csproj", "{F43AF873-1EE5-4235-8C35-A4D4B4D47EE0}"
EndProject
Project("{FAE04EC0-301F-11D3-BF4B-00C04F79EFBC}") = "BL.Util", "BL\BL.Util\BL.Util.csproj", "{E1BFED8E-7B4A-4E0A-A781-338B2538BD60}"
EndProject
Global
	GlobalSection(SolutionConfigurationPlatforms) = preSolution
		Debug|Any CPU = Debug|Any CPU
		Release|Any CPU = Release|Any CPU
	EndGlobalSection
	GlobalSection(ProjectConfigurationPlatforms) = postSolution
		{ECE33E55-34A7-4C44-BADF-722727A8830E}.Debug|Any CPU.ActiveCfg = Debug|Any CPU
		{ECE33E55-34A7-4C44-BADF-722727A8830E}.Debug|Any CPU.Build.0 = Debug|Any CPU
		{ECE33E55-34A7-4C44-BADF-722727A8830E}.Release|Any CPU.ActiveCfg = Release|Any CPU
		{ECE33E55-34A7-4C44-BADF-722727A8830E}.Release|Any CPU.Build.0 = Release|Any CPU
		{37B74A15-DE71-4E7B-9C54-17CC8825D65D}.Debug|Any CPU.ActiveCfg = Debug|Any CPU
		{37B74A15-DE71-4E7B-9C54-17CC8825D65D}.Debug|Any CPU.Build.0 = Debug|Any CPU
		{37B74A15-DE71-4E7B-9C54-17CC8825D65D}.Release|Any CPU.ActiveCfg = Release|Any CPU
		{37B74A15-DE71-4E7B-9C54-17CC8825D65D}.Release|Any CPU.Build.0 = Release|Any CPU
		{3F9F0FF7-64D7-472F-A4EF-AFBF507B3EA6}.Debug|Any CPU.ActiveCfg = Debug|Any CPU
		{3F9F0FF7-64D7-472F-A4EF-AFBF507B3EA6}.Debug|Any CPU.Build.0 = Debug|Any CPU
		{3F9F0FF7-64D7-472F-A4EF-AFBF507B3EA6}.Release|Any CPU.ActiveCfg = Release|Any CPU
		{3F9F0FF7-64D7-472F-A4EF-AFBF507B3EA6}.Release|Any CPU.Build.0 = Release|Any CPU
		{B2F9D93F-BCC5-49E7-B053-04B8F7C7BD7B}.Debug|Any CPU.ActiveCfg = Debug|Any CPU
		{B2F9D93F-BCC5-49E7-B053-04B8F7C7BD7B}.Debug|Any CPU.Build.0 = Debug|Any CPU
		{B2F9D93F-BCC5-49E7-B053-04B8F7C7BD7B}.Release|Any CPU.ActiveCfg = Release|Any CPU
		{B2F9D93F-BCC5-49E7-B053-04B8F7C7BD7B}.Release|Any CPU.Build.0 = Release|Any CPU
		{78A514B8-4D6B-477E-A072-1AAC51F1B559}.Debug|Any CPU.ActiveCfg = Debug|Any CPU
		{78A514B8-4D6B-477E-A072-1AAC51F1B559}.Debug|Any CPU.Build.0 = Debug|Any CPU
		{78A514B8-4D6B-477E-A072-1AAC51F1B559}.Release|Any CPU.ActiveCfg = Release|Any CPU
		{78A514B8-4D6B-477E-A072-1AAC51F1B559}.Release|Any CPU.Build.0 = Release|Any CPU
		{869FF878-E108-444E-80CB-470879CEE882}.Debug|Any CPU.ActiveCfg = Debug|Any CPU
		{869FF878-E108-444E-80CB-470879CEE882}.Debug|Any CPU.Build.0 = Debug|Any CPU
		{869FF878-E108-444E-80CB-470879CEE882}.Release|Any CPU.ActiveCfg = Release|Any CPU
		{869FF878-E108-444E-80CB-470879CEE882}.Release|Any CPU.Build.0 = Release|Any CPU
		{E682901B-3740-4EEA-8CBF-50EA660F2FD2}.Debug|Any CPU.ActiveCfg = Debug|Any CPU
		{E682901B-3740-4EEA-8CBF-50EA660F2FD2}.Debug|Any CPU.Build.0 = Debug|Any CPU
		{E682901B-3740-4EEA-8CBF-50EA660F2FD2}.Release|Any CPU.ActiveCfg = Release|Any CPU
		{E682901B-3740-4EEA-8CBF-50EA660F2FD2}.Release|Any CPU.Build.0 = Release|Any CPU
		{6166BF01-C9C9-4CC9-BE8E-E387F594526A}.Debug|Any CPU.ActiveCfg = Debug|Any CPU
		{6166BF01-C9C9-4CC9-BE8E-E387F594526A}.Debug|Any CPU.Build.0 = Debug|Any CPU
		{6166BF01-C9C9-4CC9-BE8E-E387F594526A}.Release|Any CPU.ActiveCfg = Release|Any CPU
		{6166BF01-C9C9-4CC9-BE8E-E387F594526A}.Release|Any CPU.Build.0 = Release|Any CPU
		{E0D88847-9104-4598-B38C-86F24B1F8753}.Debug|Any CPU.ActiveCfg = Debug|Any CPU
		{E0D88847-9104-4598-B38C-86F24B1F8753}.Debug|Any CPU.Build.0 = Debug|Any CPU
		{E0D88847-9104-4598-B38C-86F24B1F8753}.Release|Any CPU.ActiveCfg = Release|Any CPU
		{E0D88847-9104-4598-B38C-86F24B1F8753}.Release|Any CPU.Build.0 = Release|Any CPU
		{DC946E34-761D-4FA0-A419-8A4377BD370A}.Debug|Any CPU.ActiveCfg = Debug|Any CPU
		{DC946E34-761D-4FA0-A419-8A4377BD370A}.Debug|Any CPU.Build.0 = Debug|Any CPU
		{DC946E34-761D-4FA0-A419-8A4377BD370A}.Release|Any CPU.ActiveCfg = Release|Any CPU
		{DC946E34-761D-4FA0-A419-8A4377BD370A}.Release|Any CPU.Build.0 = Release|Any CPU
		{B15113DC-9808-4E49-8A35-CA568A5CEE26}.Debug|Any CPU.ActiveCfg = Debug|Any CPU
		{B15113DC-9808-4E49-8A35-CA568A5CEE26}.Debug|Any CPU.Build.0 = Debug|Any CPU
		{B15113DC-9808-4E49-8A35-CA568A5CEE26}.Release|Any CPU.ActiveCfg = Release|Any CPU
		{B15113DC-9808-4E49-8A35-CA568A5CEE26}.Release|Any CPU.Build.0 = Release|Any CPU
		{5C001F48-4E5F-435E-B356-9D1117BB8638}.Debug|Any CPU.ActiveCfg = Debug|Any CPU
		{5C001F48-4E5F-435E-B356-9D1117BB8638}.Debug|Any CPU.Build.0 = Debug|Any CPU
		{5C001F48-4E5F-435E-B356-9D1117BB8638}.Release|Any CPU.ActiveCfg = Release|Any CPU
		{5C001F48-4E5F-435E-B356-9D1117BB8638}.Release|Any CPU.Build.0 = Release|Any CPU
		{D32F5D37-88A0-4BEB-9F91-C7A1CD8BD778}.Debug|Any CPU.ActiveCfg = Debug|Any CPU
		{D32F5D37-88A0-4BEB-9F91-C7A1CD8BD778}.Debug|Any CPU.Build.0 = Debug|Any CPU
		{D32F5D37-88A0-4BEB-9F91-C7A1CD8BD778}.Release|Any CPU.ActiveCfg = Release|Any CPU
		{D32F5D37-88A0-4BEB-9F91-C7A1CD8BD778}.Release|Any CPU.Build.0 = Release|Any CPU
		{F43AF873-1EE5-4235-8C35-A4D4B4D47EE0}.Debug|Any CPU.ActiveCfg = Debug|Any CPU
		{F43AF873-1EE5-4235-8C35-A4D4B4D47EE0}.Debug|Any CPU.Build.0 = Debug|Any CPU
		{F43AF873-1EE5-4235-8C35-A4D4B4D47EE0}.Release|Any CPU.ActiveCfg = Release|Any CPU
		{F43AF873-1EE5-4235-8C35-A4D4B4D47EE0}.Release|Any CPU.Build.0 = Release|Any CPU
		{E1BFED8E-7B4A-4E0A-A781-338B2538BD60}.Debug|Any CPU.ActiveCfg = Debug|Any CPU
		{E1BFED8E-7B4A-4E0A-A781-338B2538BD60}.Debug|Any CPU.Build.0 = Debug|Any CPU
		{E1BFED8E-7B4A-4E0A-A781-338B2538BD60}.Release|Any CPU.ActiveCfg = Release|Any CPU
		{E1BFED8E-7B4A-4E0A-A781-338B2538BD60}.Release|Any CPU.Build.0 = Release|Any CPU
	EndGlobalSection
	GlobalSection(SolutionProperties) = preSolution
		HideSolutionNode = FALSE
	EndGlobalSection
	GlobalSection(NestedProjects) = preSolution
		{37B74A15-DE71-4E7B-9C54-17CC8825D65D} = {C95347F7-0979-4B15-A7E9-3E09CFD367C9}
		{3F9F0FF7-64D7-472F-A4EF-AFBF507B3EA6} = {CFBA2272-903D-4F0F-B5C2-DE1589A2CD01}
		{B2F9D93F-BCC5-49E7-B053-04B8F7C7BD7B} = {C95347F7-0979-4B15-A7E9-3E09CFD367C9}
		{78A514B8-4D6B-477E-A072-1AAC51F1B559} = {C95347F7-0979-4B15-A7E9-3E09CFD367C9}
		{869FF878-E108-444E-80CB-470879CEE882} = {C95347F7-0979-4B15-A7E9-3E09CFD367C9}
		{E682901B-3740-4EEA-8CBF-50EA660F2FD2} = {FB0171B1-E0E3-4B4E-9FBA-3AEFE133D967}
		{6166BF01-C9C9-4CC9-BE8E-E387F594526A} = {C95347F7-0979-4B15-A7E9-3E09CFD367C9}
		{E0D88847-9104-4598-B38C-86F24B1F8753} = {C95347F7-0979-4B15-A7E9-3E09CFD367C9}
		{DC946E34-761D-4FA0-A419-8A4377BD370A} = {C95347F7-0979-4B15-A7E9-3E09CFD367C9}
		{B15113DC-9808-4E49-8A35-CA568A5CEE26} = {CFBA2272-903D-4F0F-B5C2-DE1589A2CD01}
		{5C001F48-4E5F-435E-B356-9D1117BB8638} = {CFBA2272-903D-4F0F-B5C2-DE1589A2CD01}
		{D32F5D37-88A0-4BEB-9F91-C7A1CD8BD778} = {CFBA2272-903D-4F0F-B5C2-DE1589A2CD01}
		{F43AF873-1EE5-4235-8C35-A4D4B4D47EE0} = {C95347F7-0979-4B15-A7E9-3E09CFD367C9}
		{E1BFED8E-7B4A-4E0A-A781-338B2538BD60} = {CFBA2272-903D-4F0F-B5C2-DE1589A2CD01}
	EndGlobalSection
	GlobalSection(ExtensibilityGlobals) = postSolution
		SolutionGuid = {E3FD5C75-8354-41A4-9B2F-B14DE5394FC9}
	EndGlobalSection
EndGlobal
