
Microsoft Visual Studio Solution File, Format Version 12.00
Project("{FAE04EC0-301F-11D3-BF4B-00C04F79EFBC}") = "Orchestrator", "Orchestrator\Orchestrator.csproj", "{81436F1E-A1B1-4053-9DF1-870917250273}"
EndProject
Project("{2150E333-8FDC-42A3-9474-1A3956D46DE8}") = "BL", "BL", "{09BF40DA-ACF6-4514-A790-250B4C618361}"
EndProject
Project("{2150E333-8FDC-42A3-9474-1A3956D46DE8}") = "DL", "DL", "{9BE57BDD-DDCD-4A4F-8DDE-7F3C787A3361}"
EndProject
Project("{FAE04EC0-301F-11D3-BF4B-00C04F79EFBC}") = "DL.Interfaces", "DL.Interfaces\DL.Interfaces.csproj", "{F3D05334-707C-4CCB-8BB8-ACD49EEC01B8}"
EndProject
Project("{FAE04EC0-301F-11D3-BF4B-00C04F79EFBC}") = "DL.Repositories", "DL.Repositories\DL.Repositories.csproj", "{0CC3CD93-74B8-454D-A31B-364FFA375475}"
EndProject
Project("{FAE04EC0-301F-11D3-BF4B-00C04F79EFBC}") = "BL.Interfaces", "BL.Interfaces\BL.Interfaces.csproj", "{211929A0-8DC7-4CC0-AA4E-ED0C1842193A}"
EndProject
Project("{FAE04EC0-301F-11D3-BF4B-00C04F79EFBC}") = "BL.Models", "BL.Models\BL.Models.csproj", "{C16C3879-E234-4303-BD80-E01D1BAF13C4}"
EndProject
Project("{FAE04EC0-301F-11D3-BF4B-00C04F79EFBC}") = "BL.Services", "BL.Services\BL.Services.csproj", "{9B0F6093-5F92-48E6-AF85-D99216969281}"
EndProject
Project("{FAE04EC0-301F-11D3-BF4B-00C04F79EFBC}") = "BL.Infrastructure", "BL.Infrastructure\BL.Infrastructure.csproj", "{9D7ADFD8-DA22-452D-9F85-434EF1056452}"
EndProject
Project("{2150E333-8FDC-42A3-9474-1A3956D46DE8}") = "Common", "Common", "{A1F2432C-A719-4A8E-861D-4B4BB0C25697}"
EndProject
Project("{FAE04EC0-301F-11D3-BF4B-00C04F79EFBC}") = "Utils", "Utils\Utils.csproj", "{3C1342CD-3AB0-4053-B198-557945B380AA}"
EndProject
Project("{FAE04EC0-301F-11D3-BF4B-00C04F79EFBC}") = "DL.Infrastructure", "DL.Infrastructure\DL.Infrastructure.csproj", "{D8A90C0C-F6FA-4E27-8FEA-B8A295AE0149}"
EndProject
Global
	GlobalSection(SolutionConfigurationPlatforms) = preSolution
		Debug|Any CPU = Debug|Any CPU
		Release|Any CPU = Release|Any CPU
	EndGlobalSection
	GlobalSection(ProjectConfigurationPlatforms) = postSolution
		{81436F1E-A1B1-4053-9DF1-870917250273}.Debug|Any CPU.ActiveCfg = Debug|Any CPU
		{81436F1E-A1B1-4053-9DF1-870917250273}.Debug|Any CPU.Build.0 = Debug|Any CPU
		{81436F1E-A1B1-4053-9DF1-870917250273}.Release|Any CPU.ActiveCfg = Release|Any CPU
		{81436F1E-A1B1-4053-9DF1-870917250273}.Release|Any CPU.Build.0 = Release|Any CPU
		{F3D05334-707C-4CCB-8BB8-ACD49EEC01B8}.Debug|Any CPU.ActiveCfg = Debug|Any CPU
		{F3D05334-707C-4CCB-8BB8-ACD49EEC01B8}.Debug|Any CPU.Build.0 = Debug|Any CPU
		{F3D05334-707C-4CCB-8BB8-ACD49EEC01B8}.Release|Any CPU.ActiveCfg = Release|Any CPU
		{F3D05334-707C-4CCB-8BB8-ACD49EEC01B8}.Release|Any CPU.Build.0 = Release|Any CPU
		{0CC3CD93-74B8-454D-A31B-364FFA375475}.Debug|Any CPU.ActiveCfg = Debug|Any CPU
		{0CC3CD93-74B8-454D-A31B-364FFA375475}.Debug|Any CPU.Build.0 = Debug|Any CPU
		{0CC3CD93-74B8-454D-A31B-364FFA375475}.Release|Any CPU.ActiveCfg = Release|Any CPU
		{0CC3CD93-74B8-454D-A31B-364FFA375475}.Release|Any CPU.Build.0 = Release|Any CPU
		{211929A0-8DC7-4CC0-AA4E-ED0C1842193A}.Debug|Any CPU.ActiveCfg = Debug|Any CPU
		{211929A0-8DC7-4CC0-AA4E-ED0C1842193A}.Debug|Any CPU.Build.0 = Debug|Any CPU
		{211929A0-8DC7-4CC0-AA4E-ED0C1842193A}.Release|Any CPU.ActiveCfg = Release|Any CPU
		{211929A0-8DC7-4CC0-AA4E-ED0C1842193A}.Release|Any CPU.Build.0 = Release|Any CPU
		{C16C3879-E234-4303-BD80-E01D1BAF13C4}.Debug|Any CPU.ActiveCfg = Debug|Any CPU
		{C16C3879-E234-4303-BD80-E01D1BAF13C4}.Debug|Any CPU.Build.0 = Debug|Any CPU
		{C16C3879-E234-4303-BD80-E01D1BAF13C4}.Release|Any CPU.ActiveCfg = Release|Any CPU
		{C16C3879-E234-4303-BD80-E01D1BAF13C4}.Release|Any CPU.Build.0 = Release|Any CPU
		{9B0F6093-5F92-48E6-AF85-D99216969281}.Debug|Any CPU.ActiveCfg = Debug|Any CPU
		{9B0F6093-5F92-48E6-AF85-D99216969281}.Debug|Any CPU.Build.0 = Debug|Any CPU
		{9B0F6093-5F92-48E6-AF85-D99216969281}.Release|Any CPU.ActiveCfg = Release|Any CPU
		{9B0F6093-5F92-48E6-AF85-D99216969281}.Release|Any CPU.Build.0 = Release|Any CPU
		{9D7ADFD8-DA22-452D-9F85-434EF1056452}.Debug|Any CPU.ActiveCfg = Debug|Any CPU
		{9D7ADFD8-DA22-452D-9F85-434EF1056452}.Debug|Any CPU.Build.0 = Debug|Any CPU
		{9D7ADFD8-DA22-452D-9F85-434EF1056452}.Release|Any CPU.ActiveCfg = Release|Any CPU
		{9D7ADFD8-DA22-452D-9F85-434EF1056452}.Release|Any CPU.Build.0 = Release|Any CPU
		{3C1342CD-3AB0-4053-B198-557945B380AA}.Debug|Any CPU.ActiveCfg = Debug|Any CPU
		{3C1342CD-3AB0-4053-B198-557945B380AA}.Debug|Any CPU.Build.0 = Debug|Any CPU
		{3C1342CD-3AB0-4053-B198-557945B380AA}.Release|Any CPU.ActiveCfg = Release|Any CPU
		{3C1342CD-3AB0-4053-B198-557945B380AA}.Release|Any CPU.Build.0 = Release|Any CPU
		{D8A90C0C-F6FA-4E27-8FEA-B8A295AE0149}.Debug|Any CPU.ActiveCfg = Debug|Any CPU
		{D8A90C0C-F6FA-4E27-8FEA-B8A295AE0149}.Debug|Any CPU.Build.0 = Debug|Any CPU
		{D8A90C0C-F6FA-4E27-8FEA-B8A295AE0149}.Release|Any CPU.ActiveCfg = Release|Any CPU
		{D8A90C0C-F6FA-4E27-8FEA-B8A295AE0149}.Release|Any CPU.Build.0 = Release|Any CPU
	EndGlobalSection
	GlobalSection(NestedProjects) = preSolution
		{F3D05334-707C-4CCB-8BB8-ACD49EEC01B8} = {9BE57BDD-DDCD-4A4F-8DDE-7F3C787A3361}
		{0CC3CD93-74B8-454D-A31B-364FFA375475} = {9BE57BDD-DDCD-4A4F-8DDE-7F3C787A3361}
		{211929A0-8DC7-4CC0-AA4E-ED0C1842193A} = {09BF40DA-ACF6-4514-A790-250B4C618361}
		{C16C3879-E234-4303-BD80-E01D1BAF13C4} = {09BF40DA-ACF6-4514-A790-250B4C618361}
		{9B0F6093-5F92-48E6-AF85-D99216969281} = {09BF40DA-ACF6-4514-A790-250B4C618361}
		{9D7ADFD8-DA22-452D-9F85-434EF1056452} = {09BF40DA-ACF6-4514-A790-250B4C618361}
		{3C1342CD-3AB0-4053-B198-557945B380AA} = {A1F2432C-A719-4A8E-861D-4B4BB0C25697}
		{D8A90C0C-F6FA-4E27-8FEA-B8A295AE0149} = {9BE57BDD-DDCD-4A4F-8DDE-7F3C787A3361}
	EndGlobalSection
EndGlobal
