
Microsoft Visual Studio Solution File, Format Version 12.00
Project("{FAE04EC0-301F-11D3-BF4B-00C04F79EFBC}") = "ShopFront", "shopfront\ShopFront.csproj", "{09E53CB3-4E7E-443C-99D2-2088529BF9DA}"
EndProject
Global
	GlobalSection(SolutionConfigurationPlatforms) = preSolution
		Debug|Any CPU = Debug|Any CPU
		Release|Any CPU = Release|Any CPU
	EndGlobalSection
	GlobalSection(ProjectConfigurationPlatforms) = postSolution
		{09E53CB3-4E7E-443C-99D2-2088529BF9DA}.Debug|Any CPU.ActiveCfg = Debug|Any CPU
		{09E53CB3-4E7E-443C-99D2-2088529BF9DA}.Debug|Any CPU.Build.0 = Debug|Any CPU
		{09E53CB3-4E7E-443C-99D2-2088529BF9DA}.Release|Any CPU.ActiveCfg = Release|Any CPU
		{09E53CB3-4E7E-443C-99D2-2088529BF9DA}.Release|Any CPU.Build.0 = Release|Any CPU
	EndGlobalSection
EndGlobal
